# THIS IS AN AUTOGENERATED FILE. DO NOT EDIT THIS FILE DIRECTLY.
# yarn lockfile v1


"@pixi/accessibility@6.0.4":
  version "6.0.4"
  resolved "https://registry.yarnpkg.com/@pixi/accessibility/-/accessibility-6.0.4.tgz#842ff8e4303cbc46fc2dd02c263a110fd23fb656"
  integrity sha512-S0Co6M+BIx+Yk3INCwGp5Xif0jIv/uj5JPMbctpMV7fSsE3x0nYvcOOAfBjkGhYcXG7fNOGrYLgs5XQOBIWGtA==
  dependencies:
    "@pixi/canvas-renderer" "6.0.4"
    "@pixi/core" "6.0.4"
    "@pixi/display" "6.0.4"
    "@pixi/utils" "6.0.4"

"@pixi/app@6.0.4":
  version "6.0.4"
  resolved "https://registry.yarnpkg.com/@pixi/app/-/app-6.0.4.tgz#138ce670c057dc351f3b88e6f27ac0fa6edf5cb0"
  integrity sha512-+BiuaQtnOBR5/Q8+nXnHE2tuZyuBnqy/cwbIR1ImPnKAs7UaCcRLf1R0RvnRFu4KMP4ozTd810p0k84TzIguTA==
  dependencies:
    "@pixi/core" "6.0.4"
    "@pixi/display" "6.0.4"

"@pixi/canvas-renderer@6.0.4":
  version "6.0.4"
  resolved "https://registry.yarnpkg.com/@pixi/canvas-renderer/-/canvas-renderer-6.0.4.tgz#98fbd7c0e6aeb92e01cc9fe61e634693515bd735"
  integrity sha512-z2r1nzYsAp9+gipvlFCj0rd0yfjVq1hTQkyWuMbo5TrePdEo3NLRrCUGo1dHJNbeSERpgGNN05OAiGQbAI+AUg==
  dependencies:
    "@pixi/constants" "6.0.4"
    "@pixi/core" "6.0.4"
    "@pixi/math" "6.0.4"
    "@pixi/settings" "6.0.4"
    "@pixi/utils" "6.0.4"

"@pixi/compressed-textures@6.0.4":
  version "6.0.4"
  resolved "https://registry.yarnpkg.com/@pixi/compressed-textures/-/compressed-textures-6.0.4.tgz#84980b62ae1b499d2874a825b52b6e5e2c8b8e45"
  integrity sha512-AqQPuuXcNrR28YT69SZhRxRRwzqQcQ/QrlexAR9Fohpe+jfDnvlNaIvQQoXU7HxD7huRiQ/dm3nwsLiKPqVoTg==
  dependencies:
    "@pixi/constants" "6.0.4"
    "@pixi/core" "6.0.4"
    "@pixi/loaders" "6.0.4"
    "@pixi/utils" "6.0.4"

"@pixi/constants@6.0.4":
  version "6.0.4"
  resolved "https://registry.yarnpkg.com/@pixi/constants/-/constants-6.0.4.tgz#c0fb4ff79a81ad5dd2ce1bb3a1b8b3f2f01e221a"
  integrity sha512-khwRMfuHVdFk93L+bf0mmCwtSloYlfBfjdseIAbJL+VSpeMG1S2DzCYlMCPdp4mvDLU9LvkH2U2leZGEIx5j7g==

"@pixi/core@6.0.4":
  version "6.0.4"
  resolved "https://registry.yarnpkg.com/@pixi/core/-/core-6.0.4.tgz#81979d49579c3b54df5f3da76d74037d82dd2d4d"
  integrity sha512-r1ceyAz0z3usUs0uj4u2986vVT2tQixGNin2o9FNhPFDXbN5EaoKHLtrjGBt1iylK/EUH/nfL5zq0SGa/loW0A==
  dependencies:
    "@pixi/constants" "6.0.4"
    "@pixi/math" "6.0.4"
    "@pixi/runner" "6.0.4"
    "@pixi/settings" "6.0.4"
    "@pixi/ticker" "6.0.4"
    "@pixi/utils" "6.0.4"

"@pixi/display@6.0.4":
  version "6.0.4"
  resolved "https://registry.yarnpkg.com/@pixi/display/-/display-6.0.4.tgz#f192edb57a1d68d0616b2d379284a84490df0411"
  integrity sha512-v6hjx5Gm5aIlLQ7xrsZ2lstI1cv/MtbWXJOhU8LXckkrHHUvAuJgml3+0pcHw8YLuOlepZngUuiqy/XjceVk8A==
  dependencies:
    "@pixi/math" "6.0.4"
    "@pixi/settings" "6.0.4"
    "@pixi/utils" "6.0.4"

"@pixi/extract@6.0.4":
  version "6.0.4"
  resolved "https://registry.yarnpkg.com/@pixi/extract/-/extract-6.0.4.tgz#91eba76f402fea759a23a8a0b800d3c602cc82b6"
  integrity sha512-xf/pnc5od7YJ8zCVIrv1km7i+P+rxYcSrrBI/hqX+qoVsI5EySKInf2GhCKHz4UjOHdSL5aPDnNYvzssNdIpdQ==
  dependencies:
    "@pixi/core" "6.0.4"
    "@pixi/math" "6.0.4"
    "@pixi/utils" "6.0.4"

"@pixi/filter-alpha@6.0.4":
  version "6.0.4"
  resolved "https://registry.yarnpkg.com/@pixi/filter-alpha/-/filter-alpha-6.0.4.tgz#1e24c83855a4d5e61a59236bd74833977cd9dccd"
  integrity sha512-MZEfvNPfH2NfrwgqKhwwzurnbLujphx4KNQmS63MEZTvXuQJy16DEOs459APYF6PmeGAGuDPKd5Onk/VbLRUwQ==
  dependencies:
    "@pixi/core" "6.0.4"

"@pixi/filter-blur@6.0.4":
  version "6.0.4"
  resolved "https://registry.yarnpkg.com/@pixi/filter-blur/-/filter-blur-6.0.4.tgz#23a735192962598fd88ef031cc85b9ab65455a5c"
  integrity sha512-Hb14geh8ZKc8jZ4lfKyeWThLMqIvha6DdRUTfiSdKe3L7Q6qwqsb7LPtIrZHAPEQCyFLWbcOvRMy6ZFy0YkpLA==
  dependencies:
    "@pixi/core" "6.0.4"
    "@pixi/settings" "6.0.4"

"@pixi/filter-color-matrix@6.0.4":
  version "6.0.4"
  resolved "https://registry.yarnpkg.com/@pixi/filter-color-matrix/-/filter-color-matrix-6.0.4.tgz#91e2fd981407ff5849646c47e87d93402bfced4a"
  integrity sha512-31Rf9VBo2gqoxiAbD/Z1i+mu1C7uehecoelYQqCIzLjsWisICDTZZjUkMB5GrGzjeSpSqLfB34tlutBSh/r1wg==
  dependencies:
    "@pixi/core" "6.0.4"

"@pixi/filter-displacement@6.0.4":
  version "6.0.4"
  resolved "https://registry.yarnpkg.com/@pixi/filter-displacement/-/filter-displacement-6.0.4.tgz#eaa599f8753533864a4a722a72f3e929f47c2a02"
  integrity sha512-Oyk/WbzxlN46d/uB5NtPLfEW2G6ob5XRP+mPVd8yhK38m9Y9rKlcH4jJoWB2niQ+ewkdRfZhuIB+JRdhc9eevg==
  dependencies:
    "@pixi/core" "6.0.4"
    "@pixi/math" "6.0.4"

"@pixi/filter-fxaa@6.0.4":
  version "6.0.4"
  resolved "https://registry.yarnpkg.com/@pixi/filter-fxaa/-/filter-fxaa-6.0.4.tgz#da8b4bd2349f2e2b4969b805a3375e67e4187cc2"
  integrity sha512-cO5XuEIq//Wsk4MjrCYuXff+1/Gfc4bkFkMTO5JKvUaDlZzHNykZd5CeAouD2fz7/6/1z0gdWKbBY9IoameBew==
  dependencies:
    "@pixi/core" "6.0.4"

"@pixi/filter-noise@6.0.4":
  version "6.0.4"
  resolved "https://registry.yarnpkg.com/@pixi/filter-noise/-/filter-noise-6.0.4.tgz#2264b2555c64de23f213e7c8fe64cf3fd9fef32a"
  integrity sha512-Fpex0tpKCwZIsN03zAmN7hAOCocFF/w4XVVIkuNgYR5A90OkK+omR6p/fDtlJtlAjWarsWq0y+c5wvvUMfqsmg==
  dependencies:
    "@pixi/core" "6.0.4"

"@pixi/graphics@6.0.4":
  version "6.0.4"
  resolved "https://registry.yarnpkg.com/@pixi/graphics/-/graphics-6.0.4.tgz#3d2e75acb8145a80275b194413b06fb28505c663"
  integrity sha512-CybR+DBkGB5llypPeib2A0J13mnPQwlQDqLRhlhXKkYxXQKXlPk5MWA7ZEg+4wKeqUUlrC+k70e5ZFYLC3AgEQ==
  dependencies:
    "@pixi/constants" "6.0.4"
    "@pixi/core" "6.0.4"
    "@pixi/display" "6.0.4"
    "@pixi/math" "6.0.4"
    "@pixi/sprite" "6.0.4"
    "@pixi/utils" "6.0.4"

"@pixi/interaction@6.0.4":
  version "6.0.4"
  resolved "https://registry.yarnpkg.com/@pixi/interaction/-/interaction-6.0.4.tgz#9b1eaf903997adb55df0068d080ce6c2b4467042"
  integrity sha512-4+FOKDpiF/+F9r3+y81xTBElcLqI3OpeeI9bkIw9pPHA41riXRQv+m0HWz76bGQK7zDAimAV9K2xff7Wa5nSeg==
  dependencies:
    "@pixi/core" "6.0.4"
    "@pixi/display" "6.0.4"
    "@pixi/math" "6.0.4"
    "@pixi/ticker" "6.0.4"
    "@pixi/utils" "6.0.4"

"@pixi/loaders@6.0.4":
  version "6.0.4"
  resolved "https://registry.yarnpkg.com/@pixi/loaders/-/loaders-6.0.4.tgz#1d7dc1aa762627396e63d0bc1276e134d12c2ef3"
  integrity sha512-cw8QSkn8l8P06fINfwCZW+vUdhtOJ5G+T2qQm3HIDgI/J1tAsiRj3ufHop8xkHwYXrUeTf1LTqw+QdlZEVpJfg==
  dependencies:
    "@pixi/constants" "6.0.4"
    "@pixi/core" "6.0.4"
    "@pixi/utils" "6.0.4"
    resource-loader "^3.0.1"

"@pixi/math@6.0.4":
  version "6.0.4"
  resolved "https://registry.yarnpkg.com/@pixi/math/-/math-6.0.4.tgz#360a8edd0dcbb7ff3a3053cf2dad9227a95e36f4"
  integrity sha512-UwZ72CeZ2KsS4IlcEXgNiuD88omPk42Dct74+1G+R2+yPI+XRZq+hGQRTle/BbFYjxh9ccdQVyX9ToGv1XTd6Q==

"@pixi/mesh-extras@6.0.4":
  version "6.0.4"
  resolved "https://registry.yarnpkg.com/@pixi/mesh-extras/-/mesh-extras-6.0.4.tgz#eb7f458eb7d1b6de52cf2f5236f2a5967b9ce0cd"
  integrity sha512-2fGM8j2NBwPV71SSmMfke1N1oEQ34+J19rdaAb+p1fXex0FafqtXVO49Q8rPMvungKDplMKElzQoaC1G6JGKqA==
  dependencies:
    "@pixi/constants" "6.0.4"
    "@pixi/core" "6.0.4"
    "@pixi/math" "6.0.4"
    "@pixi/mesh" "6.0.4"
    "@pixi/utils" "6.0.4"

"@pixi/mesh@6.0.4":
  version "6.0.4"
  resolved "https://registry.yarnpkg.com/@pixi/mesh/-/mesh-6.0.4.tgz#f9b211238289a384a56f8f1abfb8693cbc5ca4e7"
  integrity sha512-uE1Qs4mXy0QVV3yjxlNeqthkXGS6Hkt5uR1fwrvdqxlQRkX69nRq+GZfInuRYDWqwAsl8eZWs7f+pLRDT+HFbA==
  dependencies:
    "@pixi/constants" "6.0.4"
    "@pixi/core" "6.0.4"
    "@pixi/display" "6.0.4"
    "@pixi/math" "6.0.4"
    "@pixi/settings" "6.0.4"
    "@pixi/utils" "6.0.4"

"@pixi/mixin-cache-as-bitmap@6.0.4":
  version "6.0.4"
  resolved "https://registry.yarnpkg.com/@pixi/mixin-cache-as-bitmap/-/mixin-cache-as-bitmap-6.0.4.tgz#ea804ab3cd35c46c6fb2ac82d782c0b9cdb9806d"
  integrity sha512-b1G5AWsxnw3CxNyaxCWJ1cWPnRECknJQ9B4D8Dy7u/gI2gABVjqz17nNFYnVpcggLlgMTkjX8+/HWnD/vZQkTg==
  dependencies:
    "@pixi/canvas-renderer" "6.0.4"
    "@pixi/core" "6.0.4"
    "@pixi/display" "6.0.4"
    "@pixi/math" "6.0.4"
    "@pixi/settings" "6.0.4"
    "@pixi/sprite" "6.0.4"
    "@pixi/utils" "6.0.4"

"@pixi/mixin-get-child-by-name@6.0.4":
  version "6.0.4"
  resolved "https://registry.yarnpkg.com/@pixi/mixin-get-child-by-name/-/mixin-get-child-by-name-6.0.4.tgz#e6cef2094e913d5f3e119a2d6289888553392459"
  integrity sha512-scUMBHlOmW0hpjltn4UCihJZvz3ysDYIW35ma9p9Lso2D9qKjsZpojQ6mc75FVWz53T0BjUmLW8LHA86Jic6MQ==
  dependencies:
    "@pixi/display" "6.0.4"

"@pixi/mixin-get-global-position@6.0.4":
  version "6.0.4"
  resolved "https://registry.yarnpkg.com/@pixi/mixin-get-global-position/-/mixin-get-global-position-6.0.4.tgz#38157b1529ae80de106cd2a368f191dc6711e4b5"
  integrity sha512-HzaFTMZEZTr6+WYuT9crTjjBYl7/Y/VDB7pWmjnntEdQsa1m0+by7Mnl67L6OSUPsAgW3MMlWirb5tL2zGFC7g==
  dependencies:
    "@pixi/display" "6.0.4"
    "@pixi/math" "6.0.4"

"@pixi/particles@6.0.4":
  version "6.0.4"
  resolved "https://registry.yarnpkg.com/@pixi/particles/-/particles-6.0.4.tgz#421a43ba78cca8ab7735473a3a70bea5785e04ea"
  integrity sha512-/57nd+icuPFMNc+SxeUqGoO8ZXEKu9u8h+UI856XF1Rc1jlXzGanGAbp43Llq2LphYqBI8YVftP0QXhewCVjjA==
  dependencies:
    "@pixi/constants" "6.0.4"
    "@pixi/core" "6.0.4"
    "@pixi/display" "6.0.4"
    "@pixi/math" "6.0.4"
    "@pixi/utils" "6.0.4"

"@pixi/polyfill@6.0.4":
  version "6.0.4"
  resolved "https://registry.yarnpkg.com/@pixi/polyfill/-/polyfill-6.0.4.tgz#0413bc61647cb169633491a9c18232f99aaa6003"
  integrity sha512-HM27pSl8iduFqUC4Waa9mt/gRKHi8Pr679it84+U4CwXmJ2lw9DL5dZuyU+QzCp2nPEVGMqx8Ig8c7WLUMvnWA==
  dependencies:
    object-assign "^4.1.1"
    promise-polyfill "^8.2.0"

"@pixi/prepare@6.0.4":
  version "6.0.4"
  resolved "https://registry.yarnpkg.com/@pixi/prepare/-/prepare-6.0.4.tgz#e68e63cf237937ac64a20927f07eafe65a2c6c30"
  integrity sha512-BrOeKC6eZ+sdiqpefUMGXIt/VDiYDqPDP7XUCRmaI8rGTFT6ZAg/XJQENb9TsVen/4dUp+9/1u7HCFO1TEhaWQ==
  dependencies:
    "@pixi/core" "6.0.4"
    "@pixi/display" "6.0.4"
    "@pixi/graphics" "6.0.4"
    "@pixi/settings" "6.0.4"
    "@pixi/text" "6.0.4"
    "@pixi/ticker" "6.0.4"

"@pixi/runner@6.0.4":
  version "6.0.4"
  resolved "https://registry.yarnpkg.com/@pixi/runner/-/runner-6.0.4.tgz#74d595169c2e42f10235be75dbeb0213bcd3f039"
  integrity sha512-ta6r36r2vC+fPB27URpSacPGQDtbJbdUoeGCJWAEwX+QI4vx4C9NYAcB0bIg8TLXiigCfA6by/RMnJ0dBiemFA==

"@pixi/settings@6.0.4":
  version "6.0.4"
  resolved "https://registry.yarnpkg.com/@pixi/settings/-/settings-6.0.4.tgz#dd93f6ebce63134c47afd093466fcb911fc9e066"
  integrity sha512-djiIsmULDwcHWNmEiZKm4zyVopu1NL+fClnbBmtDkGZw7nm37y6dOcdpYawJcxvE4/KLm6pspBiRTnrzdlqW7Q==
  dependencies:
    ismobilejs "^1.1.0"

"@pixi/sprite-animated@6.0.4":
  version "6.0.4"
  resolved "https://registry.yarnpkg.com/@pixi/sprite-animated/-/sprite-animated-6.0.4.tgz#dae6212184aeaf288b174008b85a5efd65aa8035"
  integrity sha512-uzNeJiZqcnuRc7HH/HdWxrkU7S3/D57rEGK+AuoaWEE2e2HlBWILGkf78mtqmeIrEChxe2qkOVkf4y3BZkzJVw==
  dependencies:
    "@pixi/core" "6.0.4"
    "@pixi/sprite" "6.0.4"
    "@pixi/ticker" "6.0.4"

"@pixi/sprite-tiling@6.0.4":
  version "6.0.4"
  resolved "https://registry.yarnpkg.com/@pixi/sprite-tiling/-/sprite-tiling-6.0.4.tgz#c8877537e75b471cd1fc107e3a5c3c99d05d575e"
  integrity sha512-4TBsKMeGhwmfsVELorSs+zWWBih37Kd0lPQu0uhcHVV1RKtZxZpkgNoyzKS4d+WInNek5F0E592bYsXkbE6Gag==
  dependencies:
    "@pixi/constants" "6.0.4"
    "@pixi/core" "6.0.4"
    "@pixi/display" "6.0.4"
    "@pixi/math" "6.0.4"
    "@pixi/sprite" "6.0.4"
    "@pixi/utils" "6.0.4"

"@pixi/sprite@6.0.4":
  version "6.0.4"
  resolved "https://registry.yarnpkg.com/@pixi/sprite/-/sprite-6.0.4.tgz#71af3d0fbbe6752db4b4e3b2c69192bccadcfbb3"
  integrity sha512-6yMoHmfFhSRERLM1PUXceq9e6e1UH0YJkLoPVLv6gxMunfk6jPXeO8p9dDS2FQ8ZMSkO/16BKq27HIMKvF6Cvg==
  dependencies:
    "@pixi/constants" "6.0.4"
    "@pixi/core" "6.0.4"
    "@pixi/display" "6.0.4"
    "@pixi/math" "6.0.4"
    "@pixi/settings" "6.0.4"
    "@pixi/utils" "6.0.4"

"@pixi/spritesheet@6.0.4":
  version "6.0.4"
  resolved "https://registry.yarnpkg.com/@pixi/spritesheet/-/spritesheet-6.0.4.tgz#9e65148b05fbb32c81cb4d19a8974dfcc465ee0b"
  integrity sha512-WgOBoi9KvLkHtfSyKSEzjIq6BkLwC+Ckllh+vWgfjfFDhtm7NdOfxW5WVIoCLfyfv5/NSwEMEEffZrcw4zYA/A==
  dependencies:
    "@pixi/core" "6.0.4"
    "@pixi/loaders" "6.0.4"
    "@pixi/math" "6.0.4"
    "@pixi/utils" "6.0.4"

"@pixi/text-bitmap@6.0.4":
  version "6.0.4"
  resolved "https://registry.yarnpkg.com/@pixi/text-bitmap/-/text-bitmap-6.0.4.tgz#29d468b415e8d40056eb84ba4f2e0fc6b7a3441c"
  integrity sha512-Nh2PXixqF0LFJ0xwmTib2HVWdhgsHn+dSYMVIec8LndDFQMTBw+X2XP1iHjVm0xhqOVdZI+Qfb2Trc0j2lINrw==
  dependencies:
    "@pixi/core" "6.0.4"
    "@pixi/display" "6.0.4"
    "@pixi/loaders" "6.0.4"
    "@pixi/math" "6.0.4"
    "@pixi/mesh" "6.0.4"
    "@pixi/settings" "6.0.4"
    "@pixi/text" "6.0.4"
    "@pixi/utils" "6.0.4"

"@pixi/text@6.0.4":
  version "6.0.4"
  resolved "https://registry.yarnpkg.com/@pixi/text/-/text-6.0.4.tgz#d3ce6046ecbbc226fa694516856e07d76460c3c8"
  integrity sha512-r9UJg8ivWvvS7nNyBaZBKX5zg5UCU37dIYbKXcHyiXnOvXO22tiQBfkPBrZCueeLXRouC9sHmDFya8rb5TE9HA==
  dependencies:
    "@pixi/core" "6.0.4"
    "@pixi/math" "6.0.4"
    "@pixi/settings" "6.0.4"
    "@pixi/sprite" "6.0.4"
    "@pixi/utils" "6.0.4"

"@pixi/ticker@6.0.4":
  version "6.0.4"
  resolved "https://registry.yarnpkg.com/@pixi/ticker/-/ticker-6.0.4.tgz#ff046308e5de119b8de22c5ad56c4cb37923e54f"
  integrity sha512-PkFfPP5vHlgnApLks0Ia0okmFu6KPqBdIyquDqHJAcBdgljedm32KS6K2EH37xelBOzYHScjZ2SQGiiebVfClw==
  dependencies:
    "@pixi/settings" "6.0.4"

"@pixi/utils@6.0.4":
  version "6.0.4"
  resolved "https://registry.yarnpkg.com/@pixi/utils/-/utils-6.0.4.tgz#374f642195d6aef66fe67c78918a73a09a76dfe6"
  integrity sha512-35JTWsAJ8Va0vvtUSQvyOr3kGedGKVuJnHDO89B8C8tSFtMpJYrR44vp1b1p1vOjNak+ulGehZc8LzlCqymViQ==
  dependencies:
    "@pixi/constants" "6.0.4"
    "@pixi/settings" "6.0.4"
    "@types/earcut" "^2.1.0"
    earcut "^2.2.2"
    eventemitter3 "^3.1.0"
    url "^0.11.0"

"@types/earcut@^2.1.0":
  version "2.1.1"
  resolved "https://registry.yarnpkg.com/@types/earcut/-/earcut-2.1.1.tgz#573a0af609f17005c751f6f4ffec49cfe358ea51"
  integrity sha512-w8oigUCDjElRHRRrMvn/spybSMyX8MTkKA5Dv+tS1IE/TgmNZPqUYtvYBXGY8cieSE66gm+szeK+bnbxC2xHTQ==

"@types/lokijs@^1.5.7":
  version "1.5.7"
  resolved "https://registry.yarnpkg.com/@types/lokijs/-/lokijs-1.5.7.tgz#5eb4b189149681a89acad6dc8adb088f6025feb3"
  integrity sha512-WEFQLgO3u2Wa7yFybqkTZYumqF1GcHvUwx8Tv2SUHy2qpnIainMMoLmEUGdjhPNp/v5pyC9e91fSMC3mkxBIDw==

"@types/node@^17.0.4":
  version "17.0.4"
  resolved "https://registry.yarnpkg.com/@types/node/-/node-17.0.4.tgz#fec0ce0526abb6062fd206d72a642811b887a111"
  integrity sha512-6xwbrW4JJiJLgF+zNypN5wr2ykM9/jHcL7rQ8fZe2vuftggjzZeRSM4OwRc6Xk8qWjwJ99qVHo/JgOGmomWRog==

"@types/prop-types@*":
  version "15.7.4"
  resolved "https://registry.yarnpkg.com/@types/prop-types/-/prop-types-15.7.4.tgz#fcf7205c25dff795ee79af1e30da2c9790808f11"
  integrity sha512-rZ5drC/jWjrArrS8BR6SIr4cWpW09RNTYt9AMZo3Jwwif+iacXAqgVjm0B0Bv/S1jhDXKHqRVNCbACkJ89RAnQ==

"@types/react-dom@^17.0.11":
  version "17.0.11"
  resolved "https://registry.yarnpkg.com/@types/react-dom/-/react-dom-17.0.11.tgz#e1eadc3c5e86bdb5f7684e00274ae228e7bcc466"
  integrity sha512-f96K3k+24RaLGVu/Y2Ng3e1EbZ8/cVJvypZWd7cy0ofCBaf2lcM46xNhycMZ2xGwbBjRql7hOlZ+e2WlJ5MH3Q==
  dependencies:
    "@types/react" "*"

"@types/react@*", "@types/react@^17.0.38":
  version "17.0.38"
  resolved "https://registry.yarnpkg.com/@types/react/-/react-17.0.38.tgz#f24249fefd89357d5fa71f739a686b8d7c7202bd"
  integrity sha512-SI92X1IA+FMnP3qM5m4QReluXzhcmovhZnLNm3pyeQlooi02qI7sLiepEYqT678uNiyc25XfCqxREFpy3W7YhQ==
  dependencies:
    "@types/prop-types" "*"
    "@types/scheduler" "*"
    csstype "^3.0.2"

"@types/reflect-metadata@^0.1.0":
  version "0.1.0"
  resolved "https://registry.yarnpkg.com/@types/reflect-metadata/-/reflect-metadata-0.1.0.tgz#592805bdf6d63dd7229773218afeba37ac2eab16"
  integrity sha512-bXltFLY3qhzCnVYP5iUpeSICagQ8rc9K2liS+8M0lBcz54BHs3O6W5UvqespVSuebo1BXLi+/y9ioELAW9SC2A==
  dependencies:
    reflect-metadata "*"

"@types/scheduler@*":
  version "0.16.2"
  resolved "https://registry.yarnpkg.com/@types/scheduler/-/scheduler-0.16.2.tgz#1a62f89525723dde24ba1b01b092bf5df8ad4d39"
  integrity sha512-hppQEBDmlwhFAXKJX2KnWLYu5yMfi91yazPb2l+lbJiwW+wdo1gNeRA+3RgNSO39WYX2euey41KEwnqesU2Jew==

ansi-styles@^4.1.0:
  version "4.3.0"
  resolved "https://registry.yarnpkg.com/ansi-styles/-/ansi-styles-4.3.0.tgz#edd803628ae71c04c85ae7a0906edad34b648937"
  integrity sha512-zbB9rCJAT1rbjiVDb2hqKFHNYLxgtk8NURxZ3IZwD3F6NtxbXZQCnnSi1Lkx+IDohdPlFp222wVALIheZJQSEg==
  dependencies:
    color-convert "^2.0.1"

chalk@4.1.2:
  version "4.1.2"
  resolved "https://registry.yarnpkg.com/chalk/-/chalk-4.1.2.tgz#aac4e2b7734a740867aeb16bf02aad556a1e7a01"
  integrity sha512-oKnbhFyRIXpUuez8iBMmyEa4nbj4IOQyuhc/wy9kY7/WVPcwIO9VA668Pu8RkO7+0G76SLROeyw9CpQ061i4mA==
  dependencies:
    ansi-styles "^4.1.0"
    supports-color "^7.1.0"

color-convert@^2.0.1:
  version "2.0.1"
  resolved "https://registry.yarnpkg.com/color-convert/-/color-convert-2.0.1.tgz#72d3a68d598c9bdb3af2ad1e84f21d896abd4de3"
  integrity sha512-RRECPsj7iu/xb5oKYcsFHSppFNnsj/52OVTRKb4zP5onXwVF3zVmmToNcOfGC+CRDpfK/U584fMg38ZHCaElKQ==
  dependencies:
    color-name "~1.1.4"

color-name@~1.1.4:
  version "1.1.4"
  resolved "https://registry.yarnpkg.com/color-name/-/color-name-1.1.4.tgz#c2a09a87acbde69543de6f63fa3995c826c536a2"
  integrity sha512-dOy+3AuW3a2wNbZHIuMZpTcgjGuLU/uBL/ubcZF9OXbDo8ff4O8yVp5Bf0efS8uEoYo5q4Fx7dY9OgQGXgAsQA==

component-emitter@~1.3.0:
  version "1.3.0"
  resolved "https://registry.yarnpkg.com/component-emitter/-/component-emitter-1.3.0.tgz#16e4070fba8ae29b679f2215853ee181ab2eabc0"
  integrity sha512-Rd3se6QB+sO1TwqZjscQrurpEPIfO0/yYnSin6Q/rD3mOutHvUrCAhJub3r90uNb+SESBuE0QYoB90YdfatsRg==

csstype@^3.0.2:
  version "3.0.10"
  resolved "https://registry.yarnpkg.com/csstype/-/csstype-3.0.10.tgz#2ad3a7bed70f35b965707c092e5f30b327c290e5"
  integrity sha512-2u44ZG2OcNUO9HDp/Jl8C07x6pU/eTR3ncV91SiK3dhG9TWvRVsCoJw14Ckx5DgWkzGA3waZWO3d7pgqpUI/XA==

earcut@^2.2.2:
  version "2.2.3"
  resolved "https://registry.yarnpkg.com/earcut/-/earcut-2.2.3.tgz#d44ced2ff5a18859568e327dd9c7d46b16f55cf4"
  integrity sha512-iRDI1QeCQIhMCZk48DRDMVgQSSBDmbzzNhnxIo+pwx3swkfjMh6vh0nWLq1NdvGHLKH6wIrAM3vQWeTj6qeoug==

escape-goat@^4.0.0:
  version "4.0.0"
  resolved "https://registry.yarnpkg.com/escape-goat/-/escape-goat-4.0.0.tgz#9424820331b510b0666b98f7873fe11ac4aa8081"
  integrity sha512-2Sd4ShcWxbx6OY1IHyla/CVNwvg7XwZVoXZHcSu9w9SReNP1EzzD5T8NWKIR38fIqEns9kDWKUQTXXAmlDrdPg==

eventemitter2@^6.4.5:
  version "6.4.5"
  resolved "https://registry.yarnpkg.com/eventemitter2/-/eventemitter2-6.4.5.tgz#97380f758ae24ac15df8353e0cc27f8b95644655"
  integrity sha512-bXE7Dyc1i6oQElDG0jMRZJrRAn9QR2xyyFGmBdZleNmyQX0FqGYmhZIrIrpPfm/w//LTo4tVQGOGQcGCb5q9uw==

eventemitter3@^3.1.0:
  version "3.1.2"
  resolved "https://registry.yarnpkg.com/eventemitter3/-/eventemitter3-3.1.2.tgz#2d3d48f9c346698fce83a85d7d664e98535df6e7"
  integrity sha512-tvtQIeLVHjDkJYnzf2dgVMxfuSGJeM/7UCG17TT4EumTfNtF+0nebF/4zWOIkCreAbtNqhGEboB6BWrwqNaw4Q==

has-flag@^4.0.0:
  version "4.0.0"
  resolved "https://registry.yarnpkg.com/has-flag/-/has-flag-4.0.0.tgz#944771fd9c81c81265c4d6941860da06bb59479b"
  integrity sha512-EykJT/Q1KjTWctppgIAgfSO0tKVuZUjhgMr17kqTumMl6Afv3EISleU7qZUzoXDFTAHTDC4NOoG/ZxU3EvlMPQ==

inversify@^6.0.1:
  version "6.0.1"
  resolved "https://registry.yarnpkg.com/inversify/-/inversify-6.0.1.tgz#b20d35425d5d8c5cd156120237aad0008d969f02"
  integrity sha512-B3ex30927698TJENHR++8FfEaJGqoWOgI6ZY5Ht/nLUsFCwHn6akbwtnUAPCgUepAnTpe2qHxhDNjoKLyz6rgQ==

ismobilejs@^1.1.0:
  version "1.1.1"
  resolved "https://registry.yarnpkg.com/ismobilejs/-/ismobilejs-1.1.1.tgz#c56ca0ae8e52b24ca0f22ba5ef3215a2ddbbaa0e"
  integrity sha512-VaFW53yt8QO61k2WJui0dHf4SlL8lxBofUuUmwBo0ljPk0Drz2TiuDW4jo3wDcv41qy/SxrJ+VAzJ/qYqsmzRw==

"js-tokens@^3.0.0 || ^4.0.0":
  version "4.0.0"
  resolved "https://registry.yarnpkg.com/js-tokens/-/js-tokens-4.0.0.tgz#19203fb59991df98e3a287050d4647cdeaf32499"
  integrity sha512-RdJUflcE3cUzKiMqQgsCu06FPu9UdIJO0beYbPhHN4k6apgJtifcoCtT9bcxOpYBtpD2kCM6Sbzg4CausW/PKQ==

loglevel-plugin-prefix@^0.8.4:
  version "0.8.4"
  resolved "https://registry.yarnpkg.com/loglevel-plugin-prefix/-/loglevel-plugin-prefix-0.8.4.tgz#2fe0e05f1a820317d98d8c123e634c1bd84ff644"
  integrity sha512-WpG9CcFAOjz/FtNht+QJeGpvVl/cdR6P0z6OcXSkr8wFJOsV2GRj2j10JLfjuA4aYkcKCNIEqRGCyTife9R8/g==

loglevel@^1.8.0:
  version "1.8.0"
  resolved "https://registry.yarnpkg.com/loglevel/-/loglevel-1.8.0.tgz#e7ec73a57e1e7b419cb6c6ac06bf050b67356114"
  integrity sha512-G6A/nJLRgWOuuwdNuA6koovfEV1YpqqAG4pRUlFaz3jj2QNZ8M4vBqnVA+HBTmU/AMNUtlOsMmSpF6NyOjztbA==

lokijs@^1.5.12:
  version "1.5.12"
  resolved "https://registry.yarnpkg.com/lokijs/-/lokijs-1.5.12.tgz#cb55b37009bdf09ee7952a6adddd555b893653a0"
  integrity sha512-Q5ALD6JiS6xAUWCwX3taQmgwxyveCtIIuL08+ml0nHwT3k0S/GIFJN+Hd38b1qYIMaE5X++iqsqWVksz7SYW+Q==

loose-envify@^1.1.0:
  version "1.4.0"
  resolved "https://registry.yarnpkg.com/loose-envify/-/loose-envify-1.4.0.tgz#71ee51fa7be4caec1a63839f7e682d8132d30caf"
  integrity sha512-lyuxPGr/Wfhrlem2CL/UcnUc1zcqKAImBDzukY7Y5F/yQiNdko6+fRLevlw1HgMySw7f611UIY408EtxRSoK3Q==
  dependencies:
    js-tokens "^3.0.0 || ^4.0.0"

mini-signals@^1.2.0:
  version "1.2.0"
  resolved "https://registry.yarnpkg.com/mini-signals/-/mini-signals-1.2.0.tgz#45b08013c5fae51a24aa1a935cd317c9ed721d74"
  integrity sha1-RbCAE8X65RokqhqTXNMXye1yHXQ=

notepack.io@~2.2.0:
  version "2.2.0"
  resolved "https://registry.yarnpkg.com/notepack.io/-/notepack.io-2.2.0.tgz#d7ea71d1cb90094f88c6f3c8d84277c2d0cd101c"
  integrity sha512-9b5w3t5VSH6ZPosoYnyDONnUTF8o0UkBw7JLA6eBlYJWyGT1Q3vQa8Hmuj1/X6RYvHjjygBDgw6fJhe0JEojfw==

object-assign@^4.1.1:
  version "4.1.1"
  resolved "https://registry.yarnpkg.com/object-assign/-/object-assign-4.1.1.tgz#2109adc7965887cfc05cbbd442cac8bfbb360863"
  integrity sha1-IQmtx5ZYh8/AXLvUQsrIv7s2CGM=

parse-uri@^1.0.0:
  version "1.0.3"
  resolved "https://registry.yarnpkg.com/parse-uri/-/parse-uri-1.0.3.tgz#f3c24a74907a4e357c1741e96ca9faadecfd6db5"
  integrity sha512-upMnGxNcm+45So85HoguwZTVZI9u11i36DdxJfGF2HYWS2eh3TIx7+/tTi7qrEq15qzGkVhsKjesau+kCk48pA==

pixi.js@6.0.4:
  version "6.0.4"
  resolved "https://registry.yarnpkg.com/pixi.js/-/pixi.js-6.0.4.tgz#86a44cdedd9150e59660781e440cb6f5dfdfb574"
  integrity sha512-zAlwr5x9xytaflmZiZWl/ZhlSf+lZzeJG+Hexa7Buf7cvEhHPfSITy4NNk0+qnMXKooQidikBmypShDsj2jAdg==
  dependencies:
    "@pixi/accessibility" "6.0.4"
    "@pixi/app" "6.0.4"
    "@pixi/compressed-textures" "6.0.4"
    "@pixi/constants" "6.0.4"
    "@pixi/core" "6.0.4"
    "@pixi/display" "6.0.4"
    "@pixi/extract" "6.0.4"
    "@pixi/filter-alpha" "6.0.4"
    "@pixi/filter-blur" "6.0.4"
    "@pixi/filter-color-matrix" "6.0.4"
    "@pixi/filter-displacement" "6.0.4"
    "@pixi/filter-fxaa" "6.0.4"
    "@pixi/filter-noise" "6.0.4"
    "@pixi/graphics" "6.0.4"
    "@pixi/interaction" "6.0.4"
    "@pixi/loaders" "6.0.4"
    "@pixi/math" "6.0.4"
    "@pixi/mesh" "6.0.4"
    "@pixi/mesh-extras" "6.0.4"
    "@pixi/mixin-cache-as-bitmap" "6.0.4"
    "@pixi/mixin-get-child-by-name" "6.0.4"
    "@pixi/mixin-get-global-position" "6.0.4"
    "@pixi/particles" "6.0.4"
    "@pixi/polyfill" "6.0.4"
    "@pixi/prepare" "6.0.4"
    "@pixi/runner" "6.0.4"
    "@pixi/settings" "6.0.4"
    "@pixi/sprite" "6.0.4"
    "@pixi/sprite-animated" "6.0.4"
    "@pixi/sprite-tiling" "6.0.4"
    "@pixi/spritesheet" "6.0.4"
    "@pixi/text" "6.0.4"
    "@pixi/text-bitmap" "6.0.4"
    "@pixi/ticker" "6.0.4"
    "@pixi/utils" "6.0.4"

promise-polyfill@^8.2.0:
  version "8.2.1"
  resolved "https://registry.yarnpkg.com/promise-polyfill/-/promise-polyfill-8.2.1.tgz#1fa955b325bee4f6b8a4311e18148d4e5b46d254"
  integrity sha512-3p9zj0cEHbp7NVUxEYUWjQlffXqnXaZIMPkAO7HhFh8u5636xLRDHOUo2vpWSK0T2mqm6fKLXYn1KP6PAZ2gKg==

punycode@1.3.2:
  version "1.3.2"
  resolved "https://registry.yarnpkg.com/punycode/-/punycode-1.3.2.tgz#9653a036fb7c1ee42342f2325cceefea3926c48d"
  integrity sha1-llOgNvt8HuQjQvIyXM7v6jkmxI0=

pupa@^3.1.0:
  version "3.1.0"
  resolved "https://registry.yarnpkg.com/pupa/-/pupa-3.1.0.tgz#f15610274376bbcc70c9a3aa8b505ea23f41c579"
  integrity sha512-FLpr4flz5xZTSJxSeaheeMKN/EDzMdK7b8PTOC6a5PYFKTucWbdqjgqaEyH0shFiSJrVB1+Qqi4Tk19ccU6Aug==
  dependencies:
    escape-goat "^4.0.0"

querystring@0.2.0:
  version "0.2.0"
  resolved "https://registry.yarnpkg.com/querystring/-/querystring-0.2.0.tgz#b209849203bb25df820da756e747005878521620"
  integrity sha1-sgmEkgO7Jd+CDadW50cAWHhSFiA=

react-dom@^17.0.2:
  version "17.0.2"
  resolved "https://registry.yarnpkg.com/react-dom/-/react-dom-17.0.2.tgz#ecffb6845e3ad8dbfcdc498f0d0a939736502c23"
  integrity sha512-s4h96KtLDUQlsENhMn1ar8t2bEa+q/YAtj8pPPdIjPDGBDIVNsrD9aXNWqspUe6AzKCIG0C1HZZLqLV7qpOBGA==
  dependencies:
    loose-envify "^1.1.0"
    object-assign "^4.1.1"
    scheduler "^0.20.2"

react@^17.0.2:
  version "17.0.2"
  resolved "https://registry.yarnpkg.com/react/-/react-17.0.2.tgz#d0b5cc516d29eb3eee383f75b62864cfb6800037"
  integrity sha512-gnhPt75i/dq/z3/6q/0asP78D0u592D5L1pd7M8P+dck6Fu/jJeL6iVVK23fptSUZj8Vjf++7wXA8UNclGQcbA==
  dependencies:
    loose-envify "^1.1.0"
    object-assign "^4.1.1"

reflect-metadata@*:
  version "0.1.13"
  resolved "https://registry.yarnpkg.com/reflect-metadata/-/reflect-metadata-0.1.13.tgz#67ae3ca57c972a2aa1642b10fe363fe32d49dc08"
  integrity sha512-Ts1Y/anZELhSsjMcU605fU9RE4Oi3p5ORujwbIKXfWa+0Zxs510Qrmrce5/Jowq3cHSZSJqBjypxmHarc+vEWg==

resource-loader@^3.0.1:
  version "3.0.1"
  resolved "https://registry.yarnpkg.com/resource-loader/-/resource-loader-3.0.1.tgz#33355bb5421e2994f59454bbc7f6dbff8df06d47"
  integrity sha512-fBuCRbEHdLCI1eglzQhUv9Rrdcmqkydr1r6uHE2cYHvRBrcLXeSmbE/qI/urFt8rPr/IGxir3BUwM5kUK8XoyA==
  dependencies:
    mini-signals "^1.2.0"
    parse-uri "^1.0.0"

scheduler@^0.20.2:
  version "0.20.2"
  resolved "https://registry.yarnpkg.com/scheduler/-/scheduler-0.20.2.tgz#4baee39436e34aa93b4874bddcbf0fe8b8b50e91"
  integrity sha512-2eWfGgAqqWFGqtdMmcL5zCMK1U8KlXv8SQFGglL3CEtd0aDVDWgeF/YoCmvln55m5zSk3J/20hTaSBeSObsQDQ==
  dependencies:
    loose-envify "^1.1.0"
    object-assign "^4.1.1"

socket.io-msgpack-parser@^3.0.1:
  version "3.0.1"
  resolved "https://registry.yarnpkg.com/socket.io-msgpack-parser/-/socket.io-msgpack-parser-3.0.1.tgz#48ea37b51f1fa1b09253bc97073be9204664f3c6"
  integrity sha512-H/tlF8kp0TKcfiXEBvBE7fiHK+S0sgtG5zk6W+pWsJL+OggtiJLAatZE1YdvNmv274mSsgFzCrz39cYXFnyudQ==
  dependencies:
    component-emitter "~1.3.0"
    notepack.io "~2.2.0"

supports-color@^7.1.0:
  version "7.2.0"
  resolved "https://registry.yarnpkg.com/supports-color/-/supports-color-7.2.0.tgz#1b7dcdcb32b8138801b3e478ba6a51caa89648da"
  integrity sha512-qpCAvRl9stuOHveKsn7HncJRvv501qIacKzQlO/+Lwxc9+0q2wLyv4Dfvt80/DPn2pqOBsJdDiogXGR9+OvwRw==
  dependencies:
    has-flag "^4.0.0"

url@^0.11.0:
  version "0.11.0"
  resolved "https://registry.yarnpkg.com/url/-/url-0.11.0.tgz#3838e97cfc60521eb73c525a8e55bfdd9e2e28f1"
  integrity sha1-ODjpfPxgUh63PFJajlW/3Z4uKPE=
  dependencies:
    punycode "1.3.2"
    querystring "0.2.0"
